// !$*UTF8*$!
{
	archiveVersion = 1;
	classes = {
	};
	objectVersion = 56;
	objects = {

/* Begin PBXBuildFile section */
		8EDCA6E92C4D5690006E1002 /* YumYumApp.swift in Sources */ = {isa = PBXBuildFile; fileRef = 8EDCA6E82C4D5690006E1002 /* YumYumApp.swift */; };
		8EDCA6EB2C4D5690006E1002 /* LoginView.swift in Sources */ = {isa = PBXBuildFile; fileRef = 8EDCA6EA2C4D5690006E1002 /* LoginView.swift */; };
		8EDCA6ED2C4D5692006E1002 /* Assets.xcassets in Resources */ = {isa = PBXBuildFile; fileRef = 8EDCA6EC2C4D5692006E1002 /* Assets.xcassets */; };
		8EDCA6F02C4D5692006E1002 /* Preview Assets.xcassets in Resources */ = {isa = PBXBuildFile; fileRef = 8EDCA6EF2C4D5692006E1002 /* Preview Assets.xcassets */; };
		8EDCA6FA2C4D5692006E1002 /* YumYumTests.swift in Sources */ = {isa = PBXBuildFile; fileRef = 8EDCA6F92C4D5692006E1002 /* YumYumTests.swift */; };
		8EDCA7042C4D5692006E1002 /* YumYumUITests.swift in Sources */ = {isa = PBXBuildFile; fileRef = 8EDCA7032C4D5692006E1002 /* YumYumUITests.swift */; };
		8EDCA7062C4D5692006E1002 /* YumYumUITestsLaunchTests.swift in Sources */ = {isa = PBXBuildFile; fileRef = 8EDCA7052C4D5692006E1002 /* YumYumUITestsLaunchTests.swift */; };
		8EDCA7142C4D6864006E1002 /* Modifiers.swift in Sources */ = {isa = PBXBuildFile; fileRef = 8EDCA7132C4D6864006E1002 /* Modifiers.swift */; };
		8EDCA71D2C4DB4AF006E1002 /* Extensions.swift in Sources */ = {isa = PBXBuildFile; fileRef = 8EDCA71C2C4DB4AF006E1002 /* Extensions.swift */; };
		8EDCA71F2C4EF522006E1002 /* LoginViewModel.swift in Sources */ = {isa = PBXBuildFile; fileRef = 8EDCA71E2C4EF522006E1002 /* LoginViewModel.swift */; };
		8EDCA7212C503B12006E1002 /* GoogleService-Info.plist in Resources */ = {isa = PBXBuildFile; fileRef = 8EDCA7202C503B12006E1002 /* GoogleService-Info.plist */; };
		8EDCA7242C503E24006E1002 /* FirebaseAuth in Frameworks */ = {isa = PBXBuildFile; productRef = 8EDCA7232C503E24006E1002 /* FirebaseAuth */; };
		8EDCA7262C503E24006E1002 /* FirebaseAuthCombine-Community in Frameworks */ = {isa = PBXBuildFile; productRef = 8EDCA7252C503E24006E1002 /* FirebaseAuthCombine-Community */; };
		8EDCA7282C503E24006E1002 /* FirebaseDatabase in Frameworks */ = {isa = PBXBuildFile; productRef = 8EDCA7272C503E24006E1002 /* FirebaseDatabase */; };
		8EDCA72A2C503E24006E1002 /* FirebaseDatabaseSwift in Frameworks */ = {isa = PBXBuildFile; productRef = 8EDCA7292C503E24006E1002 /* FirebaseDatabaseSwift */; };
		8EDCA72C2C503E24006E1002 /* FirebaseFirestore in Frameworks */ = {isa = PBXBuildFile; productRef = 8EDCA72B2C503E24006E1002 /* FirebaseFirestore */; };
		8EDCA72E2C503E24006E1002 /* FirebaseFirestoreCombine-Community in Frameworks */ = {isa = PBXBuildFile; productRef = 8EDCA72D2C503E24006E1002 /* FirebaseFirestoreCombine-Community */; };
		8EDCA7302C503E24006E1002 /* FirebaseFirestoreSwift in Frameworks */ = {isa = PBXBuildFile; productRef = 8EDCA72F2C503E24006E1002 /* FirebaseFirestoreSwift */; };
		8EDCA7322C503E24006E1002 /* FirebaseStorage in Frameworks */ = {isa = PBXBuildFile; productRef = 8EDCA7312C503E24006E1002 /* FirebaseStorage */; };
		8EDCA7342C503E24006E1002 /* FirebaseStorageCombine-Community in Frameworks */ = {isa = PBXBuildFile; productRef = 8EDCA7332C503E24006E1002 /* FirebaseStorageCombine-Community */; };
		8EDCA7362C5046B1006E1002 /* User.swift in Sources */ = {isa = PBXBuildFile; fileRef = 8EDCA7352C5046B1006E1002 /* User.swift */; };
		8EDCA7392C504780006E1002 /* FirebaseManager.swift in Sources */ = {isa = PBXBuildFile; fileRef = 8EDCA7382C504780006E1002 /* FirebaseManager.swift */; };
		8EDCA73C2C514F3E006E1002 /* DataManager.swift in Sources */ = {isa = PBXBuildFile; fileRef = 8EDCA73B2C514F3D006E1002 /* DataManager.swift */; };
		8EDCA73E2C515B94006E1002 /* HomeView.swift in Sources */ = {isa = PBXBuildFile; fileRef = 8EDCA73D2C515B94006E1002 /* HomeView.swift */; };
		8EDCA7402C5197E1006E1002 /* HomeViewModel.swift in Sources */ = {isa = PBXBuildFile; fileRef = 8EDCA73F2C5197E1006E1002 /* HomeViewModel.swift */; };
/* End PBXBuildFile section */

/* Begin PBXContainerItemProxy section */
		8EDCA6F62C4D5692006E1002 /* PBXContainerItemProxy */ = {
			isa = PBXContainerItemProxy;
			containerPortal = 8EDCA6DD2C4D5690006E1002 /* Project object */;
			proxyType = 1;
			remoteGlobalIDString = 8EDCA6E42C4D5690006E1002;
			remoteInfo = YumYum;
		};
		8EDCA7002C4D5692006E1002 /* PBXContainerItemProxy */ = {
			isa = PBXContainerItemProxy;
			containerPortal = 8EDCA6DD2C4D5690006E1002 /* Project object */;
			proxyType = 1;
			remoteGlobalIDString = 8EDCA6E42C4D5690006E1002;
			remoteInfo = YumYum;
		};
/* End PBXContainerItemProxy section */

/* Begin PBXFileReference section */
		8EDCA6E52C4D5690006E1002 /* YumYum.app */ = {isa = PBXFileReference; explicitFileType = wrapper.application; includeInIndex = 0; path = YumYum.app; sourceTree = BUILT_PRODUCTS_DIR; };
		8EDCA6E82C4D5690006E1002 /* YumYumApp.swift */ = {isa = PBXFileReference; lastKnownFileType = sourcecode.swift; path = YumYumApp.swift; sourceTree = "<group>"; };
		8EDCA6EA2C4D5690006E1002 /* LoginView.swift */ = {isa = PBXFileReference; lastKnownFileType = sourcecode.swift; path = LoginView.swift; sourceTree = "<group>"; };
		8EDCA6EC2C4D5692006E1002 /* Assets.xcassets */ = {isa = PBXFileReference; lastKnownFileType = folder.assetcatalog; path = Assets.xcassets; sourceTree = "<group>"; };
		8EDCA6EF2C4D5692006E1002 /* Preview Assets.xcassets */ = {isa = PBXFileReference; lastKnownFileType = folder.assetcatalog; path = "Preview Assets.xcassets"; sourceTree = "<group>"; };
		8EDCA6F52C4D5692006E1002 /* YumYumTests.xctest */ = {isa = PBXFileReference; explicitFileType = wrapper.cfbundle; includeInIndex = 0; path = YumYumTests.xctest; sourceTree = BUILT_PRODUCTS_DIR; };
		8EDCA6F92C4D5692006E1002 /* YumYumTests.swift */ = {isa = PBXFileReference; lastKnownFileType = sourcecode.swift; path = YumYumTests.swift; sourceTree = "<group>"; };
		8EDCA6FF2C4D5692006E1002 /* YumYumUITests.xctest */ = {isa = PBXFileReference; explicitFileType = wrapper.cfbundle; includeInIndex = 0; path = YumYumUITests.xctest; sourceTree = BUILT_PRODUCTS_DIR; };
		8EDCA7032C4D5692006E1002 /* YumYumUITests.swift */ = {isa = PBXFileReference; lastKnownFileType = sourcecode.swift; path = YumYumUITests.swift; sourceTree = "<group>"; };
		8EDCA7052C4D5692006E1002 /* YumYumUITestsLaunchTests.swift */ = {isa = PBXFileReference; lastKnownFileType = sourcecode.swift; path = YumYumUITestsLaunchTests.swift; sourceTree = "<group>"; };
		8EDCA7132C4D6864006E1002 /* Modifiers.swift */ = {isa = PBXFileReference; lastKnownFileType = sourcecode.swift; path = Modifiers.swift; sourceTree = "<group>"; };
		8EDCA71C2C4DB4AF006E1002 /* Extensions.swift */ = {isa = PBXFileReference; lastKnownFileType = sourcecode.swift; path = Extensions.swift; sourceTree = "<group>"; };
		8EDCA71E2C4EF522006E1002 /* LoginViewModel.swift */ = {isa = PBXFileReference; lastKnownFileType = sourcecode.swift; path = LoginViewModel.swift; sourceTree = "<group>"; };
		8EDCA7202C503B12006E1002 /* GoogleService-Info.plist */ = {isa = PBXFileReference; fileEncoding = 4; lastKnownFileType = text.plist.xml; path = "GoogleService-Info.plist"; sourceTree = "<group>"; };
		8EDCA7352C5046B1006E1002 /* User.swift */ = {isa = PBXFileReference; lastKnownFileType = sourcecode.swift; path = User.swift; sourceTree = "<group>"; };
		8EDCA7382C504780006E1002 /* FirebaseManager.swift */ = {isa = PBXFileReference; lastKnownFileType = sourcecode.swift; path = FirebaseManager.swift; sourceTree = "<group>"; };
		8EDCA73B2C514F3D006E1002 /* DataManager.swift */ = {isa = PBXFileReference; lastKnownFileType = sourcecode.swift; path = DataManager.swift; sourceTree = "<group>"; };
		8EDCA73D2C515B94006E1002 /* HomeView.swift */ = {isa = PBXFileReference; lastKnownFileType = sourcecode.swift; path = HomeView.swift; sourceTree = "<group>"; };
		8EDCA73F2C5197E1006E1002 /* HomeViewModel.swift */ = {isa = PBXFileReference; lastKnownFileType = sourcecode.swift; path = HomeViewModel.swift; sourceTree = "<group>"; };
/* End PBXFileReference section */

/* Begin PBXFrameworksBuildPhase section */
		8EDCA6E22C4D5690006E1002 /* Frameworks */ = {
			isa = PBXFrameworksBuildPhase;
			buildActionMask = 2147483647;
			files = (
				8EDCA72A2C503E24006E1002 /* FirebaseDatabaseSwift in Frameworks */,
				8EDCA7282C503E24006E1002 /* FirebaseDatabase in Frameworks */,
				8EDCA7242C503E24006E1002 /* FirebaseAuth in Frameworks */,
				8EDCA7302C503E24006E1002 /* FirebaseFirestoreSwift in Frameworks */,
				8EDCA72E2C503E24006E1002 /* FirebaseFirestoreCombine-Community in Frameworks */,
				8EDCA7322C503E24006E1002 /* FirebaseStorage in Frameworks */,
				8EDCA72C2C503E24006E1002 /* FirebaseFirestore in Frameworks */,
				8EDCA7342C503E24006E1002 /* FirebaseStorageCombine-Community in Frameworks */,
				8EDCA7262C503E24006E1002 /* FirebaseAuthCombine-Community in Frameworks */,
			);
			runOnlyForDeploymentPostprocessing = 0;
		};
		8EDCA6F22C4D5692006E1002 /* Frameworks */ = {
			isa = PBXFrameworksBuildPhase;
			buildActionMask = 2147483647;
			files = (
			);
			runOnlyForDeploymentPostprocessing = 0;
		};
		8EDCA6FC2C4D5692006E1002 /* Frameworks */ = {
			isa = PBXFrameworksBuildPhase;
			buildActionMask = 2147483647;
			files = (
			);
			runOnlyForDeploymentPostprocessing = 0;
		};
/* End PBXFrameworksBuildPhase section */

/* Begin PBXGroup section */
		8EDCA6DC2C4D5690006E1002 = {
			isa = PBXGroup;
			children = (
				8EDCA6E72C4D5690006E1002 /* YumYum */,
				8EDCA6F82C4D5692006E1002 /* YumYumTests */,
				8EDCA7022C4D5692006E1002 /* YumYumUITests */,
				8EDCA6E62C4D5690006E1002 /* Products */,
			);
			sourceTree = "<group>";
		};
		8EDCA6E62C4D5690006E1002 /* Products */ = {
			isa = PBXGroup;
			children = (
				8EDCA6E52C4D5690006E1002 /* YumYum.app */,
				8EDCA6F52C4D5692006E1002 /* YumYumTests.xctest */,
				8EDCA6FF2C4D5692006E1002 /* YumYumUITests.xctest */,
			);
			name = Products;
			sourceTree = "<group>";
		};
		8EDCA6E72C4D5690006E1002 /* YumYum */ = {
			isa = PBXGroup;
			children = (
				8EDCA7172C4D8B44006E1002 /* SystemFiles */,
				8EDCA7122C4D67C4006E1002 /* Modifiers */,
				8EDCA71B2C4DB482006E1002 /* ExtensionsForView */,
				8EDCA73A2C514F22006E1002 /* DataManager */,
				8EDCA7372C504728006E1002 /* FirebaseManager */,
				8EDCA71A2C4DAA78006E1002 /* Models */,
				8EDCA7182C4DAA1C006E1002 /* Views */,
				8EDCA7192C4DAA4C006E1002 /* ViewModels */,
				8EDCA6EE2C4D5692006E1002 /* Preview Content */,
				8EDCA7202C503B12006E1002 /* GoogleService-Info.plist */,
			);
			path = YumYum;
			sourceTree = "<group>";
		};
		8EDCA6EE2C4D5692006E1002 /* Preview Content */ = {
			isa = PBXGroup;
			children = (
				8EDCA6EF2C4D5692006E1002 /* Preview Assets.xcassets */,
			);
			path = "Preview Content";
			sourceTree = "<group>";
		};
		8EDCA6F82C4D5692006E1002 /* YumYumTests */ = {
			isa = PBXGroup;
			children = (
				8EDCA6F92C4D5692006E1002 /* YumYumTests.swift */,
			);
			path = YumYumTests;
			sourceTree = "<group>";
		};
		8EDCA7022C4D5692006E1002 /* YumYumUITests */ = {
			isa = PBXGroup;
			children = (
				8EDCA7032C4D5692006E1002 /* YumYumUITests.swift */,
				8EDCA7052C4D5692006E1002 /* YumYumUITestsLaunchTests.swift */,
			);
			path = YumYumUITests;
			sourceTree = "<group>";
		};
		8EDCA7122C4D67C4006E1002 /* Modifiers */ = {
			isa = PBXGroup;
			children = (
				8EDCA7132C4D6864006E1002 /* Modifiers.swift */,
			);
			path = Modifiers;
			sourceTree = "<group>";
		};
		8EDCA7172C4D8B44006E1002 /* SystemFiles */ = {
			isa = PBXGroup;
			children = (
				8EDCA6E82C4D5690006E1002 /* YumYumApp.swift */,
				8EDCA6EC2C4D5692006E1002 /* Assets.xcassets */,
			);
			path = SystemFiles;
			sourceTree = "<group>";
		};
		8EDCA7182C4DAA1C006E1002 /* Views */ = {
			isa = PBXGroup;
			children = (
				8EDCA6EA2C4D5690006E1002 /* LoginView.swift */,
				8EDCA73D2C515B94006E1002 /* HomeView.swift */,
			);
			path = Views;
			sourceTree = "<group>";
		};
		8EDCA7192C4DAA4C006E1002 /* ViewModels */ = {
			isa = PBXGroup;
			children = (
				8EDCA71E2C4EF522006E1002 /* LoginViewModel.swift */,
				8EDCA73F2C5197E1006E1002 /* HomeViewModel.swift */,
			);
			path = ViewModels;
			sourceTree = "<group>";
		};
		8EDCA71A2C4DAA78006E1002 /* Models */ = {
			isa = PBXGroup;
			children = (
				8EDCA7352C5046B1006E1002 /* User.swift */,
			);
			path = Models;
			sourceTree = "<group>";
		};
		8EDCA71B2C4DB482006E1002 /* ExtensionsForView */ = {
			isa = PBXGroup;
			children = (
				8EDCA71C2C4DB4AF006E1002 /* Extensions.swift */,
			);
			path = ExtensionsForView;
			sourceTree = "<group>";
		};
		8EDCA7372C504728006E1002 /* FirebaseManager */ = {
			isa = PBXGroup;
			children = (
				8EDCA7382C504780006E1002 /* FirebaseManager.swift */,
			);
			path = FirebaseManager;
			sourceTree = "<group>";
		};
		8EDCA73A2C514F22006E1002 /* DataManager */ = {
			isa = PBXGroup;
			children = (
				8EDCA73B2C514F3D006E1002 /* DataManager.swift */,
			);
			path = DataManager;
			sourceTree = "<group>";
		};
/* End PBXGroup section */

/* Begin PBXNativeTarget section */
		8EDCA6E42C4D5690006E1002 /* YumYum */ = {
			isa = PBXNativeTarget;
			buildConfigurationList = 8EDCA7092C4D5692006E1002 /* Build configuration list for PBXNativeTarget "YumYum" */;
			buildPhases = (
				8EDCA6E12C4D5690006E1002 /* Sources */,
				8EDCA6E22C4D5690006E1002 /* Frameworks */,
				8EDCA6E32C4D5690006E1002 /* Resources */,
			);
			buildRules = (
			);
			dependencies = (
			);
			name = YumYum;
			packageProductDependencies = (
				8EDCA7232C503E24006E1002 /* FirebaseAuth */,
				8EDCA7252C503E24006E1002 /* FirebaseAuthCombine-Community */,
				8EDCA7272C503E24006E1002 /* FirebaseDatabase */,
				8EDCA7292C503E24006E1002 /* FirebaseDatabaseSwift */,
				8EDCA72B2C503E24006E1002 /* FirebaseFirestore */,
				8EDCA72D2C503E24006E1002 /* FirebaseFirestoreCombine-Community */,
				8EDCA72F2C503E24006E1002 /* FirebaseFirestoreSwift */,
				8EDCA7312C503E24006E1002 /* FirebaseStorage */,
				8EDCA7332C503E24006E1002 /* FirebaseStorageCombine-Community */,
			);
			productName = YumYum;
			productReference = 8EDCA6E52C4D5690006E1002 /* YumYum.app */;
			productType = "com.apple.product-type.application";
		};
		8EDCA6F42C4D5692006E1002 /* YumYumTests */ = {
			isa = PBXNativeTarget;
			buildConfigurationList = 8EDCA70C2C4D5692006E1002 /* Build configuration list for PBXNativeTarget "YumYumTests" */;
			buildPhases = (
				8EDCA6F12C4D5692006E1002 /* Sources */,
				8EDCA6F22C4D5692006E1002 /* Frameworks */,
				8EDCA6F32C4D5692006E1002 /* Resources */,
			);
			buildRules = (
			);
			dependencies = (
				8EDCA6F72C4D5692006E1002 /* PBXTargetDependency */,
			);
			name = YumYumTests;
			productName = YumYumTests;
			productReference = 8EDCA6F52C4D5692006E1002 /* YumYumTests.xctest */;
			productType = "com.apple.product-type.bundle.unit-test";
		};
		8EDCA6FE2C4D5692006E1002 /* YumYumUITests */ = {
			isa = PBXNativeTarget;
			buildConfigurationList = 8EDCA70F2C4D5692006E1002 /* Build configuration list for PBXNativeTarget "YumYumUITests" */;
			buildPhases = (
				8EDCA6FB2C4D5692006E1002 /* Sources */,
				8EDCA6FC2C4D5692006E1002 /* Frameworks */,
				8EDCA6FD2C4D5692006E1002 /* Resources */,
			);
			buildRules = (
			);
			dependencies = (
				8EDCA7012C4D5692006E1002 /* PBXTargetDependency */,
			);
			name = YumYumUITests;
			productName = YumYumUITests;
			productReference = 8EDCA6FF2C4D5692006E1002 /* YumYumUITests.xctest */;
			productType = "com.apple.product-type.bundle.ui-testing";
		};
/* End PBXNativeTarget section */

/* Begin PBXProject section */
		8EDCA6DD2C4D5690006E1002 /* Project object */ = {
			isa = PBXProject;
			attributes = {
				BuildIndependentTargetsInParallel = 1;
				LastSwiftUpdateCheck = 1540;
				LastUpgradeCheck = 1540;
				TargetAttributes = {
					8EDCA6E42C4D5690006E1002 = {
						CreatedOnToolsVersion = 15.4;
					};
					8EDCA6F42C4D5692006E1002 = {
						CreatedOnToolsVersion = 15.4;
						TestTargetID = 8EDCA6E42C4D5690006E1002;
					};
					8EDCA6FE2C4D5692006E1002 = {
						CreatedOnToolsVersion = 15.4;
						TestTargetID = 8EDCA6E42C4D5690006E1002;
					};
				};
			};
			buildConfigurationList = 8EDCA6E02C4D5690006E1002 /* Build configuration list for PBXProject "YumYum" */;
			compatibilityVersion = "Xcode 14.0";
			developmentRegion = en;
			hasScannedForEncodings = 0;
			knownRegions = (
				en,
				Base,
			);
			mainGroup = 8EDCA6DC2C4D5690006E1002;
			packageReferences = (
				8EDCA7222C503E24006E1002 /* XCRemoteSwiftPackageReference "firebase-ios-sdk" */,
			);
			productRefGroup = 8EDCA6E62C4D5690006E1002 /* Products */;
			projectDirPath = "";
			projectRoot = "";
			targets = (
				8EDCA6E42C4D5690006E1002 /* YumYum */,
				8EDCA6F42C4D5692006E1002 /* YumYumTests */,
				8EDCA6FE2C4D5692006E1002 /* YumYumUITests */,
			);
		};
/* End PBXProject section */

/* Begin PBXResourcesBuildPhase section */
		8EDCA6E32C4D5690006E1002 /* Resources */ = {
			isa = PBXResourcesBuildPhase;
			buildActionMask = 2147483647;
			files = (
				8EDCA6F02C4D5692006E1002 /* Preview Assets.xcassets in Resources */,
				8EDCA6ED2C4D5692006E1002 /* Assets.xcassets in Resources */,
				8EDCA7212C503B12006E1002 /* GoogleService-Info.plist in Resources */,
			);
			runOnlyForDeploymentPostprocessing = 0;
		};
		8EDCA6F32C4D5692006E1002 /* Resources */ = {
			isa = PBXResourcesBuildPhase;
			buildActionMask = 2147483647;
			files = (
			);
			runOnlyForDeploymentPostprocessing = 0;
		};
		8EDCA6FD2C4D5692006E1002 /* Resources */ = {
			isa = PBXResourcesBuildPhase;
			buildActionMask = 2147483647;
			files = (
			);
			runOnlyForDeploymentPostprocessing = 0;
		};
/* End PBXResourcesBuildPhase section */

/* Begin PBXSourcesBuildPhase section */
		8EDCA6E12C4D5690006E1002 /* Sources */ = {
			isa = PBXSourcesBuildPhase;
			buildActionMask = 2147483647;
			files = (
				8EDCA73E2C515B94006E1002 /* HomeView.swift in Sources */,
				8EDCA71D2C4DB4AF006E1002 /* Extensions.swift in Sources */,
				8EDCA73C2C514F3E006E1002 /* DataManager.swift in Sources */,
				8EDCA7402C5197E1006E1002 /* HomeViewModel.swift in Sources */,
				8EDCA6EB2C4D5690006E1002 /* LoginView.swift in Sources */,
				8EDCA7392C504780006E1002 /* FirebaseManager.swift in Sources */,
				8EDCA7362C5046B1006E1002 /* User.swift in Sources */,
				8EDCA6E92C4D5690006E1002 /* YumYumApp.swift in Sources */,
				8EDCA71F2C4EF522006E1002 /* LoginViewModel.swift in Sources */,
				8EDCA7142C4D6864006E1002 /* Modifiers.swift in Sources */,
			);
			runOnlyForDeploymentPostprocessing = 0;
		};
		8EDCA6F12C4D5692006E1002 /* Sources */ = {
			isa = PBXSourcesBuildPhase;
			buildActionMask = 2147483647;
			files = (
				8EDCA6FA2C4D5692006E1002 /* YumYumTests.swift in Sources */,
			);
			runOnlyForDeploymentPostprocessing = 0;
		};
		8EDCA6FB2C4D5692006E1002 /* Sources */ = {
			isa = PBXSourcesBuildPhase;
			buildActionMask = 2147483647;
			files = (
				8EDCA7062C4D5692006E1002 /* YumYumUITestsLaunchTests.swift in Sources */,
				8EDCA7042C4D5692006E1002 /* YumYumUITests.swift in Sources */,
			);
			runOnlyForDeploymentPostprocessing = 0;
		};
/* End PBXSourcesBuildPhase section */

/* Begin PBXTargetDependency section */
		8EDCA6F72C4D5692006E1002 /* PBXTargetDependency */ = {
			isa = PBXTargetDependency;
			target = 8EDCA6E42C4D5690006E1002 /* YumYum */;
			targetProxy = 8EDCA6F62C4D5692006E1002 /* PBXContainerItemProxy */;
		};
		8EDCA7012C4D5692006E1002 /* PBXTargetDependency */ = {
			isa = PBXTargetDependency;
			target = 8EDCA6E42C4D5690006E1002 /* YumYum */;
			targetProxy = 8EDCA7002C4D5692006E1002 /* PBXContainerItemProxy */;
		};
/* End PBXTargetDependency section */

/* Begin XCBuildConfiguration section */
		8EDCA7072C4D5692006E1002 /* Debug */ = {
			isa = XCBuildConfiguration;
			buildSettings = {
				ALWAYS_SEARCH_USER_PATHS = NO;
				ASSETCATALOG_COMPILER_GENERATE_SWIFT_ASSET_SYMBOL_EXTENSIONS = YES;
				CLANG_ANALYZER_NONNULL = YES;
				CLANG_ANALYZER_NUMBER_OBJECT_CONVERSION = YES_AGGRESSIVE;
				CLANG_CXX_LANGUAGE_STANDARD = "gnu++20";
				CLANG_ENABLE_MODULES = YES;
				CLANG_ENABLE_OBJC_ARC = YES;
				CLANG_ENABLE_OBJC_WEAK = YES;
				CLANG_WARN_BLOCK_CAPTURE_AUTORELEASING = YES;
				CLANG_WARN_BOOL_CONVERSION = YES;
				CLANG_WARN_COMMA = YES;
				CLANG_WARN_CONSTANT_CONVERSION = YES;
				CLANG_WARN_DEPRECATED_OBJC_IMPLEMENTATIONS = YES;
				CLANG_WARN_DIRECT_OBJC_ISA_USAGE = YES_ERROR;
				CLANG_WARN_DOCUMENTATION_COMMENTS = YES;
				CLANG_WARN_EMPTY_BODY = YES;
				CLANG_WARN_ENUM_CONVERSION = YES;
				CLANG_WARN_INFINITE_RECURSION = YES;
				CLANG_WARN_INT_CONVERSION = YES;
				CLANG_WARN_NON_LITERAL_NULL_CONVERSION = YES;
				CLANG_WARN_OBJC_IMPLICIT_RETAIN_SELF = YES;
				CLANG_WARN_OBJC_LITERAL_CONVERSION = YES;
				CLANG_WARN_OBJC_ROOT_CLASS = YES_ERROR;
				CLANG_WARN_QUOTED_INCLUDE_IN_FRAMEWORK_HEADER = YES;
				CLANG_WARN_RANGE_LOOP_ANALYSIS = YES;
				CLANG_WARN_STRICT_PROTOTYPES = YES;
				CLANG_WARN_SUSPICIOUS_MOVE = YES;
				CLANG_WARN_UNGUARDED_AVAILABILITY = YES_AGGRESSIVE;
				CLANG_WARN_UNREACHABLE_CODE = YES;
				CLANG_WARN__DUPLICATE_METHOD_MATCH = YES;
				COPY_PHASE_STRIP = NO;
				DEBUG_INFORMATION_FORMAT = dwarf;
				ENABLE_STRICT_OBJC_MSGSEND = YES;
				ENABLE_TESTABILITY = YES;
				ENABLE_USER_SCRIPT_SANDBOXING = YES;
				GCC_C_LANGUAGE_STANDARD = gnu17;
				GCC_DYNAMIC_NO_PIC = NO;
				GCC_NO_COMMON_BLOCKS = YES;
				GCC_OPTIMIZATION_LEVEL = 0;
				GCC_PREPROCESSOR_DEFINITIONS = (
					"DEBUG=1",
					"$(inherited)",
				);
				GCC_WARN_64_TO_32_BIT_CONVERSION = YES;
				GCC_WARN_ABOUT_RETURN_TYPE = YES_ERROR;
				GCC_WARN_UNDECLARED_SELECTOR = YES;
				GCC_WARN_UNINITIALIZED_AUTOS = YES_AGGRESSIVE;
				GCC_WARN_UNUSED_FUNCTION = YES;
				GCC_WARN_UNUSED_VARIABLE = YES;
				IPHONEOS_DEPLOYMENT_TARGET = 17.0;
				LOCALIZATION_PREFERS_STRING_CATALOGS = YES;
				MTL_ENABLE_DEBUG_INFO = INCLUDE_SOURCE;
				MTL_FAST_MATH = YES;
				ONLY_ACTIVE_ARCH = YES;
				SDKROOT = iphoneos;
				SWIFT_ACTIVE_COMPILATION_CONDITIONS = "DEBUG $(inherited)";
				SWIFT_OPTIMIZATION_LEVEL = "-Onone";
			};
			name = Debug;
		};
		8EDCA7082C4D5692006E1002 /* Release */ = {
			isa = XCBuildConfiguration;
			buildSettings = {
				ALWAYS_SEARCH_USER_PATHS = NO;
				ASSETCATALOG_COMPILER_GENERATE_SWIFT_ASSET_SYMBOL_EXTENSIONS = YES;
				CLANG_ANALYZER_NONNULL = YES;
				CLANG_ANALYZER_NUMBER_OBJECT_CONVERSION = YES_AGGRESSIVE;
				CLANG_CXX_LANGUAGE_STANDARD = "gnu++20";
				CLANG_ENABLE_MODULES = YES;
				CLANG_ENABLE_OBJC_ARC = YES;
				CLANG_ENABLE_OBJC_WEAK = YES;
				CLANG_WARN_BLOCK_CAPTURE_AUTORELEASING = YES;
				CLANG_WARN_BOOL_CONVERSION = YES;
				CLANG_WARN_COMMA = YES;
				CLANG_WARN_CONSTANT_CONVERSION = YES;
				CLANG_WARN_DEPRECATED_OBJC_IMPLEMENTATIONS = YES;
				CLANG_WARN_DIRECT_OBJC_ISA_USAGE = YES_ERROR;
				CLANG_WARN_DOCUMENTATION_COMMENTS = YES;
				CLANG_WARN_EMPTY_BODY = YES;
				CLANG_WARN_ENUM_CONVERSION = YES;
				CLANG_WARN_INFINITE_RECURSION = YES;
				CLANG_WARN_INT_CONVERSION = YES;
				CLANG_WARN_NON_LITERAL_NULL_CONVERSION = YES;
				CLANG_WARN_OBJC_IMPLICIT_RETAIN_SELF = YES;
				CLANG_WARN_OBJC_LITERAL_CONVERSION = YES;
				CLANG_WARN_OBJC_ROOT_CLASS = YES_ERROR;
				CLANG_WARN_QUOTED_INCLUDE_IN_FRAMEWORK_HEADER = YES;
				CLANG_WARN_RANGE_LOOP_ANALYSIS = YES;
				CLANG_WARN_STRICT_PROTOTYPES = YES;
				CLANG_WARN_SUSPICIOUS_MOVE = YES;
				CLANG_WARN_UNGUARDED_AVAILABILITY = YES_AGGRESSIVE;
				CLANG_WARN_UNREACHABLE_CODE = YES;
				CLANG_WARN__DUPLICATE_METHOD_MATCH = YES;
				COPY_PHASE_STRIP = NO;
				DEBUG_INFORMATION_FORMAT = "dwarf-with-dsym";
				ENABLE_NS_ASSERTIONS = NO;
				ENABLE_STRICT_OBJC_MSGSEND = YES;
				ENABLE_USER_SCRIPT_SANDBOXING = YES;
				GCC_C_LANGUAGE_STANDARD = gnu17;
				GCC_NO_COMMON_BLOCKS = YES;
				GCC_WARN_64_TO_32_BIT_CONVERSION = YES;
				GCC_WARN_ABOUT_RETURN_TYPE = YES_ERROR;
				GCC_WARN_UNDECLARED_SELECTOR = YES;
				GCC_WARN_UNINITIALIZED_AUTOS = YES_AGGRESSIVE;
				GCC_WARN_UNUSED_FUNCTION = YES;
				GCC_WARN_UNUSED_VARIABLE = YES;
				IPHONEOS_DEPLOYMENT_TARGET = 17.0;
				LOCALIZATION_PREFERS_STRING_CATALOGS = YES;
				MTL_ENABLE_DEBUG_INFO = NO;
				MTL_FAST_MATH = YES;
				SDKROOT = iphoneos;
				SWIFT_COMPILATION_MODE = wholemodule;
				VALIDATE_PRODUCT = YES;
			};
			name = Release;
		};
		8EDCA70A2C4D5692006E1002 /* Debug */ = {
			isa = XCBuildConfiguration;
			buildSettings = {
				ASSETCATALOG_COMPILER_APPICON_NAME = AppIcon;
				ASSETCATALOG_COMPILER_GLOBAL_ACCENT_COLOR_NAME = AccentColor;
				CODE_SIGN_STYLE = Automatic;
				CURRENT_PROJECT_VERSION = 1;
				DEVELOPMENT_ASSET_PATHS = "\"YumYum/Preview Content\"";
				DEVELOPMENT_TEAM = PRBS29X52L;
				ENABLE_PREVIEWS = YES;
				GENERATE_INFOPLIST_FILE = YES;
				INFOPLIST_KEY_CFBundleDisplayName = "Yum Yum";
				INFOPLIST_KEY_LSApplicationCategoryType = "public.app-category.food-and-drink";
				INFOPLIST_KEY_UIApplicationSceneManifest_Generation = YES;
				INFOPLIST_KEY_UIApplicationSupportsIndirectInputEvents = YES;
				INFOPLIST_KEY_UILaunchScreen_Generation = YES;
				INFOPLIST_KEY_UISupportedInterfaceOrientations = UIInterfaceOrientationPortrait;
				INFOPLIST_KEY_UISupportedInterfaceOrientations_iPad = "UIInterfaceOrientationLandscapeLeft UIInterfaceOrientationLandscapeRight UIInterfaceOrientationPortrait UIInterfaceOrientationPortraitUpsideDown";
				LD_RUNPATH_SEARCH_PATHS = (
					"$(inherited)",
					"@executable_path/Frameworks",
				);
				MARKETING_VERSION = 1.0;
				PRODUCT_BUNDLE_IDENTIFIER = Home.YumYum;
				PRODUCT_NAME = "$(TARGET_NAME)";
				SUPPORTED_PLATFORMS = "iphoneos iphonesimulator";
				SUPPORTS_MACCATALYST = NO;
				SUPPORTS_MAC_DESIGNED_FOR_IPHONE_IPAD = NO;
				SUPPORTS_XR_DESIGNED_FOR_IPHONE_IPAD = NO;
				SWIFT_EMIT_LOC_STRINGS = YES;
				SWIFT_VERSION = 5.0;
				TARGETED_DEVICE_FAMILY = 1;
			};
			name = Debug;
		};
		8EDCA70B2C4D5692006E1002 /* Release */ = {
			isa = XCBuildConfiguration;
			buildSettings = {
				ASSETCATALOG_COMPILER_APPICON_NAME = AppIcon;
				ASSETCATALOG_COMPILER_GLOBAL_ACCENT_COLOR_NAME = AccentColor;
				CODE_SIGN_STYLE = Automatic;
				CURRENT_PROJECT_VERSION = 1;
				DEVELOPMENT_ASSET_PATHS = "\"YumYum/Preview Content\"";
				DEVELOPMENT_TEAM = PRBS29X52L;
				ENABLE_PREVIEWS = YES;
				GENERATE_INFOPLIST_FILE = YES;
				INFOPLIST_KEY_CFBundleDisplayName = "Yum Yum";
				INFOPLIST_KEY_LSApplicationCategoryType = "public.app-category.food-and-drink";
				INFOPLIST_KEY_UIApplicationSceneManifest_Generation = YES;
				INFOPLIST_KEY_UIApplicationSupportsIndirectInputEvents = YES;
				INFOPLIST_KEY_UILaunchScreen_Generation = YES;
				INFOPLIST_KEY_UISupportedInterfaceOrientations = UIInterfaceOrientationPortrait;
				INFOPLIST_KEY_UISupportedInterfaceOrientations_iPad = "UIInterfaceOrientationLandscapeLeft UIInterfaceOrientationLandscapeRight UIInterfaceOrientationPortrait UIInterfaceOrientationPortraitUpsideDown";
				LD_RUNPATH_SEARCH_PATHS = (
					"$(inherited)",
					"@executable_path/Frameworks",
				);
				MARKETING_VERSION = 1.0;
				PRODUCT_BUNDLE_IDENTIFIER = Home.YumYum;
				PRODUCT_NAME = "$(TARGET_NAME)";
				SUPPORTED_PLATFORMS = "iphoneos iphonesimulator";
				SUPPORTS_MACCATALYST = NO;
				SUPPORTS_MAC_DESIGNED_FOR_IPHONE_IPAD = NO;
				SUPPORTS_XR_DESIGNED_FOR_IPHONE_IPAD = NO;
				SWIFT_EMIT_LOC_STRINGS = YES;
				SWIFT_VERSION = 5.0;
				TARGETED_DEVICE_FAMILY = 1;
			};
			name = Release;
		};
		8EDCA70D2C4D5692006E1002 /* Debug */ = {
			isa = XCBuildConfiguration;
			buildSettings = {
				ALWAYS_EMBED_SWIFT_STANDARD_LIBRARIES = YES;
				BUNDLE_LOADER = "$(TEST_HOST)";
				CODE_SIGN_STYLE = Automatic;
				CURRENT_PROJECT_VERSION = 1;
				DEVELOPMENT_TEAM = PRBS29X52L;
				GENERATE_INFOPLIST_FILE = YES;
				IPHONEOS_DEPLOYMENT_TARGET = 17.5;
				MARKETING_VERSION = 1.0;
				PRODUCT_BUNDLE_IDENTIFIER = Home.YumYumTests;
				PRODUCT_NAME = "$(TARGET_NAME)";
				SWIFT_EMIT_LOC_STRINGS = NO;
				SWIFT_VERSION = 5.0;
				TARGETED_DEVICE_FAMILY = "1,2";
				TEST_HOST = "$(BUILT_PRODUCTS_DIR)/YumYum.app/$(BUNDLE_EXECUTABLE_FOLDER_PATH)/YumYum";
			};
			name = Debug;
		};
		8EDCA70E2C4D5692006E1002 /* Release */ = {
			isa = XCBuildConfiguration;
			buildSettings = {
				ALWAYS_EMBED_SWIFT_STANDARD_LIBRARIES = YES;
				BUNDLE_LOADER = "$(TEST_HOST)";
				CODE_SIGN_STYLE = Automatic;
				CURRENT_PROJECT_VERSION = 1;
				DEVELOPMENT_TEAM = PRBS29X52L;
				GENERATE_INFOPLIST_FILE = YES;
				IPHONEOS_DEPLOYMENT_TARGET = 17.5;
				MARKETING_VERSION = 1.0;
				PRODUCT_BUNDLE_IDENTIFIER = Home.YumYumTests;
				PRODUCT_NAME = "$(TARGET_NAME)";
				SWIFT_EMIT_LOC_STRINGS = NO;
				SWIFT_VERSION = 5.0;
				TARGETED_DEVICE_FAMILY = "1,2";
				TEST_HOST = "$(BUILT_PRODUCTS_DIR)/YumYum.app/$(BUNDLE_EXECUTABLE_FOLDER_PATH)/YumYum";
			};
			name = Release;
		};
		8EDCA7102C4D5692006E1002 /* Debug */ = {
			isa = XCBuildConfiguration;
			buildSettings = {
				ALWAYS_EMBED_SWIFT_STANDARD_LIBRARIES = YES;
				CODE_SIGN_STYLE = Automatic;
				CURRENT_PROJECT_VERSION = 1;
				DEVELOPMENT_TEAM = PRBS29X52L;
				GENERATE_INFOPLIST_FILE = YES;
				MARKETING_VERSION = 1.0;
				PRODUCT_BUNDLE_IDENTIFIER = Home.YumYumUITests;
				PRODUCT_NAME = "$(TARGET_NAME)";
				SWIFT_EMIT_LOC_STRINGS = NO;
				SWIFT_VERSION = 5.0;
				TARGETED_DEVICE_FAMILY = "1,2";
				TEST_TARGET_NAME = YumYum;
			};
			name = Debug;
		};
		8EDCA7112C4D5692006E1002 /* Release */ = {
			isa = XCBuildConfiguration;
			buildSettings = {
				ALWAYS_EMBED_SWIFT_STANDARD_LIBRARIES = YES;
				CODE_SIGN_STYLE = Automatic;
				CURRENT_PROJECT_VERSION = 1;
				DEVELOPMENT_TEAM = PRBS29X52L;
				GENERATE_INFOPLIST_FILE = YES;
				MARKETING_VERSION = 1.0;
				PRODUCT_BUNDLE_IDENTIFIER = Home.YumYumUITests;
				PRODUCT_NAME = "$(TARGET_NAME)";
				SWIFT_EMIT_LOC_STRINGS = NO;
				SWIFT_VERSION = 5.0;
				TARGETED_DEVICE_FAMILY = "1,2";
				TEST_TARGET_NAME = YumYum;
			};
			name = Release;
		};
/* End XCBuildConfiguration section */

/* Begin XCConfigurationList section */
		8EDCA6E02C4D5690006E1002 /* Build configuration list for PBXProject "YumYum" */ = {
			isa = XCConfigurationList;
			buildConfigurations = (
				8EDCA7072C4D5692006E1002 /* Debug */,
				8EDCA7082C4D5692006E1002 /* Release */,
			);
			defaultConfigurationIsVisible = 0;
			defaultConfigurationName = Release;
		};
		8EDCA7092C4D5692006E1002 /* Build configuration list for PBXNativeTarget "YumYum" */ = {
			isa = XCConfigurationList;
			buildConfigurations = (
				8EDCA70A2C4D5692006E1002 /* Debug */,
				8EDCA70B2C4D5692006E1002 /* Release */,
			);
			defaultConfigurationIsVisible = 0;
			defaultConfigurationName = Release;
		};
		8EDCA70C2C4D5692006E1002 /* Build configuration list for PBXNativeTarget "YumYumTests" */ = {
			isa = XCConfigurationList;
			buildConfigurations = (
				8EDCA70D2C4D5692006E1002 /* Debug */,
				8EDCA70E2C4D5692006E1002 /* Release */,
			);
			defaultConfigurationIsVisible = 0;
			defaultConfigurationName = Release;
		};
		8EDCA70F2C4D5692006E1002 /* Build configuration list for PBXNativeTarget "YumYumUITests" */ = {
			isa = XCConfigurationList;
			buildConfigurations = (
				8EDCA7102C4D5692006E1002 /* Debug */,
				8EDCA7112C4D5692006E1002 /* Release */,
			);
			defaultConfigurationIsVisible = 0;
			defaultConfigurationName = Release;
		};
/* End XCConfigurationList section */

/* Begin XCRemoteSwiftPackageReference section */
		8EDCA7222C503E24006E1002 /* XCRemoteSwiftPackageReference "firebase-ios-sdk" */ = {
			isa = XCRemoteSwiftPackageReference;
			repositoryURL = "https://github.com/firebase/firebase-ios-sdk";
			requirement = {
				kind = upToNextMajorVersion;
				minimumVersion = 10.29.0;
			};
		};
/* End XCRemoteSwiftPackageReference section */

/* Begin XCSwiftPackageProductDependency section */
		8EDCA7232C503E24006E1002 /* FirebaseAuth */ = {
			isa = XCSwiftPackageProductDependency;
			package = 8EDCA7222C503E24006E1002 /* XCRemoteSwiftPackageReference "firebase-ios-sdk" */;
			productName = FirebaseAuth;
		};
		8EDCA7252C503E24006E1002 /* FirebaseAuthCombine-Community */ = {
			isa = XCSwiftPackageProductDependency;
			package = 8EDCA7222C503E24006E1002 /* XCRemoteSwiftPackageReference "firebase-ios-sdk" */;
			productName = "FirebaseAuthCombine-Community";
		};
		8EDCA7272C503E24006E1002 /* FirebaseDatabase */ = {
			isa = XCSwiftPackageProductDependency;
			package = 8EDCA7222C503E24006E1002 /* XCRemoteSwiftPackageReference "firebase-ios-sdk" */;
			productName = FirebaseDatabase;
		};
		8EDCA7292C503E24006E1002 /* FirebaseDatabaseSwift */ = {
			isa = XCSwiftPackageProductDependency;
			package = 8EDCA7222C503E24006E1002 /* XCRemoteSwiftPackageReference "firebase-ios-sdk" */;
			productName = FirebaseDatabaseSwift;
		};
		8EDCA72B2C503E24006E1002 /* FirebaseFirestore */ = {
			isa = XCSwiftPackageProductDependency;
			package = 8EDCA7222C503E24006E1002 /* XCRemoteSwiftPackageReference "firebase-ios-sdk" */;
			productName = FirebaseFirestore;
		};
		8EDCA72D2C503E24006E1002 /* FirebaseFirestoreCombine-Community */ = {
			isa = XCSwiftPackageProductDependency;
			package = 8EDCA7222C503E24006E1002 /* XCRemoteSwiftPackageReference "firebase-ios-sdk" */;
			productName = "FirebaseFirestoreCombine-Community";
		};
		8EDCA72F2C503E24006E1002 /* FirebaseFirestoreSwift */ = {
			isa = XCSwiftPackageProductDependency;
			package = 8EDCA7222C503E24006E1002 /* XCRemoteSwiftPackageReference "firebase-ios-sdk" */;
			productName = FirebaseFirestoreSwift;
		};
		8EDCA7312C503E24006E1002 /* FirebaseStorage */ = {
			isa = XCSwiftPackageProductDependency;
			package = 8EDCA7222C503E24006E1002 /* XCRemoteSwiftPackageReference "firebase-ios-sdk" */;
			productName = FirebaseStorage;
		};
		8EDCA7332C503E24006E1002 /* FirebaseStorageCombine-Community */ = {
			isa = XCSwiftPackageProductDependency;
			package = 8EDCA7222C503E24006E1002 /* XCRemoteSwiftPackageReference "firebase-ios-sdk" */;
			productName = "FirebaseStorageCombine-Community";
		};
/* End XCSwiftPackageProductDependency section */
	};
	rootObject = 8EDCA6DD2C4D5690006E1002 /* Project object */;
}
